
Microsoft Visual Studio Solution File, Format Version 12.00
# Visual Studio Version 17
VisualStudioVersion = 17.6.33723.286
MinimumVisualStudioVersion = 10.0.40219.1
Project("{FAE04EC0-301F-11D3-BF4B-00C04F79EFBC}") = "WebApi.Docker", "WebApi.Docker\WebApi.Docker.csproj", "{63380AF9-9552-4366-93C7-C2163B605E16}"
EndProject
Global
	GlobalSection(SolutionConfigurationPlatforms) = preSolution
		Debug|Any CPU = Debug|Any CPU
		Release|Any CPU = Release|Any CPU
	EndGlobalSection
	GlobalSection(ProjectConfigurationPlatforms) = postSolution
		{63380AF9-9552-4366-93C7-C2163B605E16}.Debug|Any CPU.ActiveCfg = Debug|Any CPU
		{63380AF9-9552-4366-93C7-C2163B605E16}.Debug|Any CPU.Build.0 = Debug|Any CPU
		{63380AF9-9552-4366-93C7-C2163B605E16}.Release|Any CPU.ActiveCfg = Release|Any CPU
		{63380AF9-9552-4366-93C7-C2163B605E16}.Release|Any CPU.Build.0 = Release|Any CPU
	EndGlobalSection
	GlobalSection(SolutionProperties) = preSolution
		HideSolutionNode = FALSE
	EndGlobalSection
	GlobalSection(ExtensibilityGlobals) = postSolution
		SolutionGuid = {12163F78-38A1-4D95-8661-E47C79607FC9}
	EndGlobalSection
EndGlobal
